{
  "name": "fgo-gacha",
  "version": "0.0.0",
  "lockfileVersion": 3,
  "requires": true,
  "packages": {
    "": {
      "name": "fgo-gacha",
      "version": "0.0.0",
      "license": "MIT",
      "dependencies": {
        "markdown-table": "^1.1.1",
        "power-assert-util-string-width": "^1.1.1"
      }
    },
    "node_modules/eastasianwidth": {
      "version": "0.1.1",
      "resolved": "https://registry.npmjs.org/eastasianwidth/-/eastasianwidth-0.1.1.tgz",
      "integrity": "sha1-RNZW3p2kFWlEZzNTZfsxR7hXK3w="
    },
    "node_modules/markdown-table": {
      "version": "1.1.1",
      "resolved": "https://registry.npmjs.org/markdown-table/-/markdown-table-1.1.1.tgz",
      "integrity": "sha1-Sz3ToTPRUYuO8NvHCb8qG0gkvIw="
    },
    "node_modules/power-assert-util-string-width": {
      "version": "1.1.1",
      "resolved": "https://registry.npmjs.org/power-assert-util-string-width/-/power-assert-util-string-width-1.1.1.tgz",
      "integrity": "sha1-vmWet5N/3S5smncmjar2S9W3xZI=",
      "dependencies": {
        "eastasianwidth": "^0.1.1"
      }
    }
  }
}
