{
  "name": "fgo-gacha",
  "version": "0.0.0",
  "lockfileVersion": 1,
  "requires": true,
  "dependencies": {
    "eastasianwidth": {
      "version": "0.1.1",
      "resolved": "https://registry.npmjs.org/eastasianwidth/-/eastasianwidth-0.1.1.tgz",
      "integrity": "sha1-RNZW3p2kFWlEZzNTZfsxR7hXK3w="
    },
    "markdown-table": {
      "version": "1.1.1",
      "resolved": "https://registry.npmjs.org/markdown-table/-/markdown-table-1.1.1.tgz",
      "integrity": "sha1-Sz3ToTPRUYuO8NvHCb8qG0gkvIw="
    },
    "power-assert-util-string-width": {
      "version": "1.1.1",
      "resolved": "https://registry.npmjs.org/power-assert-util-string-width/-/power-assert-util-string-width-1.1.1.tgz",
      "integrity": "sha1-vmWet5N/3S5smncmjar2S9W3xZI=",
      "requires": {
        "eastasianwidth": "0.1.1"
      }
    }
  }
}
